
Microsoft Visual Studio Solution File, Format Version 12.00
# Visual Studio Version 17
VisualStudioVersion = 17.12.35527.113
MinimumVisualStudioVersion = 10.0.40219.1
Project("{8BC9CEB8-8B4A-11D0-8D11-00A0C91BC942}") = "C Study", "C Study.vcxproj", "{E9EF144F-C1C2-4AA0-A73B-BFF2C354BA6E}"
EndProject
Project("{2150E333-8FDC-42A3-9474-1A3956D46DE8}") = "CH1", "CH1", "{06AE669E-E0D3-4B4C-8116-6DCE2F5B2876}"
EndProject
Project("{8BC9CEB8-8B4A-11D0-8D11-00A0C91BC942}") = "Ch1'", "..\Ch1'\Ch1'.vcxproj", "{C92F8DA3-92D9-4578-8367-D5ED7B09F759}"
EndProject
Project("{2150E333-8FDC-42A3-9474-1A3956D46DE8}") = "CH2", "CH2", "{D2BC3E7B-C232-4D27-A704-357C2D21ED2B}"
EndProject
Project("{8BC9CEB8-8B4A-11D0-8D11-00A0C91BC942}") = "ch2", "..\ch2\ch2.vcxproj", "{702AA5B1-1641-41C4-8558-EC846E6DAF4E}"
EndProject
Project("{2150E333-8FDC-42A3-9474-1A3956D46DE8}") = "CH3", "CH3", "{5C56E944-2337-4E8E-ADAE-0544C9560A9B}"
EndProject
Project("{8BC9CEB8-8B4A-11D0-8D11-00A0C91BC942}") = "operator", "..\operator\operator.vcxproj", "{52684150-091E-4A52-A1B2-E18F5E02C851}"
EndProject
Project("{2150E333-8FDC-42A3-9474-1A3956D46DE8}") = "CH4", "CH4", "{569B1750-26C9-49D3-A779-9D0B21109157}"
EndProject
Project("{8BC9CEB8-8B4A-11D0-8D11-00A0C91BC942}") = "Ch4", "..\Ch4\Ch4.vcxproj", "{5BC04877-581F-4BA9-B5D3-927A8E84F3E9}"
EndProject
Project("{2150E333-8FDC-42A3-9474-1A3956D46DE8}") = "CH5", "CH5", "{31085A99-D67D-4F70-AFF3-39483E5D1D6C}"
EndProject
Project("{8BC9CEB8-8B4A-11D0-8D11-00A0C91BC942}") = "Ch5", "..\Ch5\Ch5.vcxproj", "{1189EE1E-3E1D-492B-8391-4E0F7C0E3B64}"
EndProject
Project("{2150E333-8FDC-42A3-9474-1A3956D46DE8}") = "CH6", "CH6", "{446612B4-DE3E-4A1F-91D8-77B3CB6713B6}"
EndProject
Project("{8BC9CEB8-8B4A-11D0-8D11-00A0C91BC942}") = "Ch6", "..\Ch6\Ch6.vcxproj", "{799C77D3-C5A8-4F46-ADA6-B4EAF5CF3E76}"
EndProject
Project("{2150E333-8FDC-42A3-9474-1A3956D46DE8}") = "CH7", "CH7", "{28072934-E90D-4CC6-A26F-40C35EB428D6}"
EndProject
Project("{8BC9CEB8-8B4A-11D0-8D11-00A0C91BC942}") = "Ch7", "..\Ch7\Ch7.vcxproj", "{4B070CA3-67AD-4FB4-8977-E759296BBE8B}"
EndProject
Project("{2150E333-8FDC-42A3-9474-1A3956D46DE8}") = "CH8", "CH8", "{016416AF-48AB-4194-A015-E8B6B4F6E4BB}"
EndProject
Project("{8BC9CEB8-8B4A-11D0-8D11-00A0C91BC942}") = "Ch8", "..\Ch8\Ch8.vcxproj", "{0A1A7858-658E-4802-951D-13F2A3961AD2}"
EndProject
Global
	GlobalSection(SolutionConfigurationPlatforms) = preSolution
		Debug|x64 = Debug|x64
		Debug|x86 = Debug|x86
		Release|x64 = Release|x64
		Release|x86 = Release|x86
	EndGlobalSection
	GlobalSection(ProjectConfigurationPlatforms) = postSolution
		{E9EF144F-C1C2-4AA0-A73B-BFF2C354BA6E}.Debug|x64.ActiveCfg = Debug|x64
		{E9EF144F-C1C2-4AA0-A73B-BFF2C354BA6E}.Debug|x64.Build.0 = Debug|x64
		{E9EF144F-C1C2-4AA0-A73B-BFF2C354BA6E}.Debug|x86.ActiveCfg = Debug|Win32
		{E9EF144F-C1C2-4AA0-A73B-BFF2C354BA6E}.Debug|x86.Build.0 = Debug|Win32
		{E9EF144F-C1C2-4AA0-A73B-BFF2C354BA6E}.Release|x64.ActiveCfg = Release|x64
		{E9EF144F-C1C2-4AA0-A73B-BFF2C354BA6E}.Release|x64.Build.0 = Release|x64
		{E9EF144F-C1C2-4AA0-A73B-BFF2C354BA6E}.Release|x86.ActiveCfg = Release|Win32
		{E9EF144F-C1C2-4AA0-A73B-BFF2C354BA6E}.Release|x86.Build.0 = Release|Win32
		{C92F8DA3-92D9-4578-8367-D5ED7B09F759}.Debug|x64.ActiveCfg = Debug|x64
		{C92F8DA3-92D9-4578-8367-D5ED7B09F759}.Debug|x64.Build.0 = Debug|x64
		{C92F8DA3-92D9-4578-8367-D5ED7B09F759}.Debug|x86.ActiveCfg = Debug|Win32
		{C92F8DA3-92D9-4578-8367-D5ED7B09F759}.Debug|x86.Build.0 = Debug|Win32
		{C92F8DA3-92D9-4578-8367-D5ED7B09F759}.Release|x64.ActiveCfg = Release|x64
		{C92F8DA3-92D9-4578-8367-D5ED7B09F759}.Release|x64.Build.0 = Release|x64
		{C92F8DA3-92D9-4578-8367-D5ED7B09F759}.Release|x86.ActiveCfg = Release|Win32
		{C92F8DA3-92D9-4578-8367-D5ED7B09F759}.Release|x86.Build.0 = Release|Win32
		{702AA5B1-1641-41C4-8558-EC846E6DAF4E}.Debug|x64.ActiveCfg = Debug|x64
		{702AA5B1-1641-41C4-8558-EC846E6DAF4E}.Debug|x64.Build.0 = Debug|x64
		{702AA5B1-1641-41C4-8558-EC846E6DAF4E}.Debug|x86.ActiveCfg = Debug|Win32
		{702AA5B1-1641-41C4-8558-EC846E6DAF4E}.Debug|x86.Build.0 = Debug|Win32
		{702AA5B1-1641-41C4-8558-EC846E6DAF4E}.Release|x64.ActiveCfg = Release|x64
		{702AA5B1-1641-41C4-8558-EC846E6DAF4E}.Release|x64.Build.0 = Release|x64
		{702AA5B1-1641-41C4-8558-EC846E6DAF4E}.Release|x86.ActiveCfg = Release|Win32
		{702AA5B1-1641-41C4-8558-EC846E6DAF4E}.Release|x86.Build.0 = Release|Win32
		{52684150-091E-4A52-A1B2-E18F5E02C851}.Debug|x64.ActiveCfg = Debug|x64
		{52684150-091E-4A52-A1B2-E18F5E02C851}.Debug|x64.Build.0 = Debug|x64
		{52684150-091E-4A52-A1B2-E18F5E02C851}.Debug|x86.ActiveCfg = Debug|Win32
		{52684150-091E-4A52-A1B2-E18F5E02C851}.Debug|x86.Build.0 = Debug|Win32
		{52684150-091E-4A52-A1B2-E18F5E02C851}.Release|x64.ActiveCfg = Release|x64
		{52684150-091E-4A52-A1B2-E18F5E02C851}.Release|x64.Build.0 = Release|x64
		{52684150-091E-4A52-A1B2-E18F5E02C851}.Release|x86.ActiveCfg = Release|Win32
		{52684150-091E-4A52-A1B2-E18F5E02C851}.Release|x86.Build.0 = Release|Win32
		{5BC04877-581F-4BA9-B5D3-927A8E84F3E9}.Debug|x64.ActiveCfg = Debug|x64
		{5BC04877-581F-4BA9-B5D3-927A8E84F3E9}.Debug|x64.Build.0 = Debug|x64
		{5BC04877-581F-4BA9-B5D3-927A8E84F3E9}.Debug|x86.ActiveCfg = Debug|Win32
		{5BC04877-581F-4BA9-B5D3-927A8E84F3E9}.Debug|x86.Build.0 = Debug|Win32
		{5BC04877-581F-4BA9-B5D3-927A8E84F3E9}.Release|x64.ActiveCfg = Release|x64
		{5BC04877-581F-4BA9-B5D3-927A8E84F3E9}.Release|x64.Build.0 = Release|x64
		{5BC04877-581F-4BA9-B5D3-927A8E84F3E9}.Release|x86.ActiveCfg = Release|Win32
		{5BC04877-581F-4BA9-B5D3-927A8E84F3E9}.Release|x86.Build.0 = Release|Win32
		{1189EE1E-3E1D-492B-8391-4E0F7C0E3B64}.Debug|x64.ActiveCfg = Debug|x64
		{1189EE1E-3E1D-492B-8391-4E0F7C0E3B64}.Debug|x64.Build.0 = Debug|x64
		{1189EE1E-3E1D-492B-8391-4E0F7C0E3B64}.Debug|x86.ActiveCfg = Debug|Win32
		{1189EE1E-3E1D-492B-8391-4E0F7C0E3B64}.Debug|x86.Build.0 = Debug|Win32
		{1189EE1E-3E1D-492B-8391-4E0F7C0E3B64}.Release|x64.ActiveCfg = Release|x64
		{1189EE1E-3E1D-492B-8391-4E0F7C0E3B64}.Release|x64.Build.0 = Release|x64
		{1189EE1E-3E1D-492B-8391-4E0F7C0E3B64}.Release|x86.ActiveCfg = Release|Win32
		{1189EE1E-3E1D-492B-8391-4E0F7C0E3B64}.Release|x86.Build.0 = Release|Win32
		{799C77D3-C5A8-4F46-ADA6-B4EAF5CF3E76}.Debug|x64.ActiveCfg = Debug|x64
		{799C77D3-C5A8-4F46-ADA6-B4EAF5CF3E76}.Debug|x64.Build.0 = Debug|x64
		{799C77D3-C5A8-4F46-ADA6-B4EAF5CF3E76}.Debug|x86.ActiveCfg = Debug|Win32
		{799C77D3-C5A8-4F46-ADA6-B4EAF5CF3E76}.Debug|x86.Build.0 = Debug|Win32
		{799C77D3-C5A8-4F46-ADA6-B4EAF5CF3E76}.Release|x64.ActiveCfg = Release|x64
		{799C77D3-C5A8-4F46-ADA6-B4EAF5CF3E76}.Release|x64.Build.0 = Release|x64
		{799C77D3-C5A8-4F46-ADA6-B4EAF5CF3E76}.Release|x86.ActiveCfg = Release|Win32
		{799C77D3-C5A8-4F46-ADA6-B4EAF5CF3E76}.Release|x86.Build.0 = Release|Win32
		{4B070CA3-67AD-4FB4-8977-E759296BBE8B}.Debug|x64.ActiveCfg = Debug|x64
		{4B070CA3-67AD-4FB4-8977-E759296BBE8B}.Debug|x64.Build.0 = Debug|x64
		{4B070CA3-67AD-4FB4-8977-E759296BBE8B}.Debug|x86.ActiveCfg = Debug|Win32
		{4B070CA3-67AD-4FB4-8977-E759296BBE8B}.Debug|x86.Build.0 = Debug|Win32
		{4B070CA3-67AD-4FB4-8977-E759296BBE8B}.Release|x64.ActiveCfg = Release|x64
		{4B070CA3-67AD-4FB4-8977-E759296BBE8B}.Release|x64.Build.0 = Release|x64
		{4B070CA3-67AD-4FB4-8977-E759296BBE8B}.Release|x86.ActiveCfg = Release|Win32
		{4B070CA3-67AD-4FB4-8977-E759296BBE8B}.Release|x86.Build.0 = Release|Win32
		{0A1A7858-658E-4802-951D-13F2A3961AD2}.Debug|x64.ActiveCfg = Debug|x64
		{0A1A7858-658E-4802-951D-13F2A3961AD2}.Debug|x64.Build.0 = Debug|x64
		{0A1A7858-658E-4802-951D-13F2A3961AD2}.Debug|x86.ActiveCfg = Debug|Win32
		{0A1A7858-658E-4802-951D-13F2A3961AD2}.Debug|x86.Build.0 = Debug|Win32
		{0A1A7858-658E-4802-951D-13F2A3961AD2}.Release|x64.ActiveCfg = Release|x64
		{0A1A7858-658E-4802-951D-13F2A3961AD2}.Release|x64.Build.0 = Release|x64
		{0A1A7858-658E-4802-951D-13F2A3961AD2}.Release|x86.ActiveCfg = Release|Win32
		{0A1A7858-658E-4802-951D-13F2A3961AD2}.Release|x86.Build.0 = Release|Win32
	EndGlobalSection
	GlobalSection(SolutionProperties) = preSolution
		HideSolutionNode = FALSE
	EndGlobalSection
	GlobalSection(NestedProjects) = preSolution
		{C92F8DA3-92D9-4578-8367-D5ED7B09F759} = {06AE669E-E0D3-4B4C-8116-6DCE2F5B2876}
		{702AA5B1-1641-41C4-8558-EC846E6DAF4E} = {D2BC3E7B-C232-4D27-A704-357C2D21ED2B}
		{52684150-091E-4A52-A1B2-E18F5E02C851} = {5C56E944-2337-4E8E-ADAE-0544C9560A9B}
		{5BC04877-581F-4BA9-B5D3-927A8E84F3E9} = {569B1750-26C9-49D3-A779-9D0B21109157}
		{1189EE1E-3E1D-492B-8391-4E0F7C0E3B64} = {31085A99-D67D-4F70-AFF3-39483E5D1D6C}
		{799C77D3-C5A8-4F46-ADA6-B4EAF5CF3E76} = {446612B4-DE3E-4A1F-91D8-77B3CB6713B6}
		{4B070CA3-67AD-4FB4-8977-E759296BBE8B} = {28072934-E90D-4CC6-A26F-40C35EB428D6}
		{0A1A7858-658E-4802-951D-13F2A3961AD2} = {016416AF-48AB-4194-A015-E8B6B4F6E4BB}
	EndGlobalSection
EndGlobal
