
Microsoft Visual Studio Solution File, Format Version 12.00
# Visual Studio Version 17
VisualStudioVersion = 17.12.35527.113
MinimumVisualStudioVersion = 10.0.40219.1
Project("{8BC9CEB8-8B4A-11D0-8D11-00A0C91BC942}") = "C Study", "C Study.vcxproj", "{E9EF144F-C1C2-4AA0-A73B-BFF2C354BA6E}"
EndProject
Project("{2150E333-8FDC-42A3-9474-1A3956D46DE8}") = "CH1", "CH1", "{06AE669E-E0D3-4B4C-8116-6DCE2F5B2876}"
EndProject
Project("{8BC9CEB8-8B4A-11D0-8D11-00A0C91BC942}") = "Ch1'", "..\Ch1'\Ch1'.vcxproj", "{C92F8DA3-92D9-4578-8367-D5ED7B09F759}"
EndProject
Project("{2150E333-8FDC-42A3-9474-1A3956D46DE8}") = "CH2", "CH2", "{D2BC3E7B-C232-4D27-A704-357C2D21ED2B}"
EndProject
Project("{8BC9CEB8-8B4A-11D0-8D11-00A0C91BC942}") = "ch2", "..\ch2\ch2.vcxproj", "{702AA5B1-1641-41C4-8558-EC846E6DAF4E}"
EndProject
Project("{2150E333-8FDC-42A3-9474-1A3956D46DE8}") = "CH3", "CH3", "{5C56E944-2337-4E8E-ADAE-0544C9560A9B}"
EndProject
Project("{8BC9CEB8-8B4A-11D0-8D11-00A0C91BC942}") = "operator", "..\operator\operator.vcxproj", "{52684150-091E-4A52-A1B2-E18F5E02C851}"
EndProject
Project("{2150E333-8FDC-42A3-9474-1A3956D46DE8}") = "CH4", "CH4", "{569B1750-26C9-49D3-A779-9D0B21109157}"
EndProject
Project("{8BC9CEB8-8B4A-11D0-8D11-00A0C91BC942}") = "Ch4", "..\Ch4\Ch4.vcxproj", "{5BC04877-581F-4BA9-B5D3-927A8E84F3E9}"
EndProject
Global
	GlobalSection(SolutionConfigurationPlatforms) = preSolution
		Debug|x64 = Debug|x64
		Debug|x86 = Debug|x86
		Release|x64 = Release|x64
		Release|x86 = Release|x86
	EndGlobalSection
	GlobalSection(ProjectConfigurationPlatforms) = postSolution
		{E9EF144F-C1C2-4AA0-A73B-BFF2C354BA6E}.Debug|x64.ActiveCfg = Debug|x64
		{E9EF144F-C1C2-4AA0-A73B-BFF2C354BA6E}.Debug|x64.Build.0 = Debug|x64
		{E9EF144F-C1C2-4AA0-A73B-BFF2C354BA6E}.Debug|x86.ActiveCfg = Debug|Win32
		{E9EF144F-C1C2-4AA0-A73B-BFF2C354BA6E}.Debug|x86.Build.0 = Debug|Win32
		{E9EF144F-C1C2-4AA0-A73B-BFF2C354BA6E}.Release|x64.ActiveCfg = Release|x64
		{E9EF144F-C1C2-4AA0-A73B-BFF2C354BA6E}.Release|x64.Build.0 = Release|x64
		{E9EF144F-C1C2-4AA0-A73B-BFF2C354BA6E}.Release|x86.ActiveCfg = Release|Win32
		{E9EF144F-C1C2-4AA0-A73B-BFF2C354BA6E}.Release|x86.Build.0 = Release|Win32
		{C92F8DA3-92D9-4578-8367-D5ED7B09F759}.Debug|x64.ActiveCfg = Debug|x64
		{C92F8DA3-92D9-4578-8367-D5ED7B09F759}.Debug|x64.Build.0 = Debug|x64
		{C92F8DA3-92D9-4578-8367-D5ED7B09F759}.Debug|x86.ActiveCfg = Debug|Win32
		{C92F8DA3-92D9-4578-8367-D5ED7B09F759}.Debug|x86.Build.0 = Debug|Win32
		{C92F8DA3-92D9-4578-8367-D5ED7B09F759}.Release|x64.ActiveCfg = Release|x64
		{C92F8DA3-92D9-4578-8367-D5ED7B09F759}.Release|x64.Build.0 = Release|x64
		{C92F8DA3-92D9-4578-8367-D5ED7B09F759}.Release|x86.ActiveCfg = Release|Win32
		{C92F8DA3-92D9-4578-8367-D5ED7B09F759}.Release|x86.Build.0 = Release|Win32
		{702AA5B1-1641-41C4-8558-EC846E6DAF4E}.Debug|x64.ActiveCfg = Debug|x64
		{702AA5B1-1641-41C4-8558-EC846E6DAF4E}.Debug|x64.Build.0 = Debug|x64
		{702AA5B1-1641-41C4-8558-EC846E6DAF4E}.Debug|x86.ActiveCfg = Debug|Win32
		{702AA5B1-1641-41C4-8558-EC846E6DAF4E}.Debug|x86.Build.0 = Debug|Win32
		{702AA5B1-1641-41C4-8558-EC846E6DAF4E}.Release|x64.ActiveCfg = Release|x64
		{702AA5B1-1641-41C4-8558-EC846E6DAF4E}.Release|x64.Build.0 = Release|x64
		{702AA5B1-1641-41C4-8558-EC846E6DAF4E}.Release|x86.ActiveCfg = Release|Win32
		{702AA5B1-1641-41C4-8558-EC846E6DAF4E}.Release|x86.Build.0 = Release|Win32
		{52684150-091E-4A52-A1B2-E18F5E02C851}.Debug|x64.ActiveCfg = Debug|x64
		{52684150-091E-4A52-A1B2-E18F5E02C851}.Debug|x64.Build.0 = Debug|x64
		{52684150-091E-4A52-A1B2-E18F5E02C851}.Debug|x86.ActiveCfg = Debug|Win32
		{52684150-091E-4A52-A1B2-E18F5E02C851}.Debug|x86.Build.0 = Debug|Win32
		{52684150-091E-4A52-A1B2-E18F5E02C851}.Release|x64.ActiveCfg = Release|x64
		{52684150-091E-4A52-A1B2-E18F5E02C851}.Release|x64.Build.0 = Release|x64
		{52684150-091E-4A52-A1B2-E18F5E02C851}.Release|x86.ActiveCfg = Release|Win32
		{52684150-091E-4A52-A1B2-E18F5E02C851}.Release|x86.Build.0 = Release|Win32
		{5BC04877-581F-4BA9-B5D3-927A8E84F3E9}.Debug|x64.ActiveCfg = Debug|x64
		{5BC04877-581F-4BA9-B5D3-927A8E84F3E9}.Debug|x64.Build.0 = Debug|x64
		{5BC04877-581F-4BA9-B5D3-927A8E84F3E9}.Debug|x86.ActiveCfg = Debug|Win32
		{5BC04877-581F-4BA9-B5D3-927A8E84F3E9}.Debug|x86.Build.0 = Debug|Win32
		{5BC04877-581F-4BA9-B5D3-927A8E84F3E9}.Release|x64.ActiveCfg = Release|x64
		{5BC04877-581F-4BA9-B5D3-927A8E84F3E9}.Release|x64.Build.0 = Release|x64
		{5BC04877-581F-4BA9-B5D3-927A8E84F3E9}.Release|x86.ActiveCfg = Release|Win32
		{5BC04877-581F-4BA9-B5D3-927A8E84F3E9}.Release|x86.Build.0 = Release|Win32
	EndGlobalSection
	GlobalSection(SolutionProperties) = preSolution
		HideSolutionNode = FALSE
	EndGlobalSection
	GlobalSection(NestedProjects) = preSolution
		{C92F8DA3-92D9-4578-8367-D5ED7B09F759} = {06AE669E-E0D3-4B4C-8116-6DCE2F5B2876}
		{702AA5B1-1641-41C4-8558-EC846E6DAF4E} = {D2BC3E7B-C232-4D27-A704-357C2D21ED2B}
		{52684150-091E-4A52-A1B2-E18F5E02C851} = {5C56E944-2337-4E8E-ADAE-0544C9560A9B}
		{5BC04877-581F-4BA9-B5D3-927A8E84F3E9} = {569B1750-26C9-49D3-A779-9D0B21109157}
	EndGlobalSection
EndGlobal
